// !$*UTF8*$!
{
	archiveVersion = 1;
	classes = {
	};
	objectVersion = 46;
	objects = {

/* Begin PBXBuildFile section */
		7A175EC11EEC16AC00F4D8F3 /* User.swift in Sources */ = {isa = PBXBuildFile; fileRef = 7A3DB86E1EE8485400763AF9 /* User.swift */; };
		7A175EC21EEC16AD00F4D8F3 /* User.swift in Sources */ = {isa = PBXBuildFile; fileRef = 7A3DB86E1EE8485400763AF9 /* User.swift */; };
		7A175EC41EEC29E100F4D8F3 /* ExtensionTextField.swift in Sources */ = {isa = PBXBuildFile; fileRef = 7A175EC31EEC29E000F4D8F3 /* ExtensionTextField.swift */; };
		7A175EC61EEC35EA00F4D8F3 /* RegisterViewController.swift in Sources */ = {isa = PBXBuildFile; fileRef = 7A175EC51EEC35EA00F4D8F3 /* RegisterViewController.swift */; };
		7A175EC71EEC35EA00F4D8F3 /* RegisterViewController.swift in Sources */ = {isa = PBXBuildFile; fileRef = 7A175EC51EEC35EA00F4D8F3 /* RegisterViewController.swift */; };
		7A3DB86F1EE8485400763AF9 /* User.swift in Sources */ = {isa = PBXBuildFile; fileRef = 7A3DB86E1EE8485400763AF9 /* User.swift */; };
		7A3DB8741EE87FB700763AF9 /* Main.storyboard in Resources */ = {isa = PBXBuildFile; fileRef = 7AEC16701EE699C500614253 /* Main.storyboard */; };
		7A3DB8761EE87FEE00763AF9 /* LoginViewController.swift in Sources */ = {isa = PBXBuildFile; fileRef = 7A3DB8751EE87FEE00763AF9 /* LoginViewController.swift */; };
		7AEC166D1EE699C500614253 /* AppDelegate.swift in Sources */ = {isa = PBXBuildFile; fileRef = 7AEC166C1EE699C500614253 /* AppDelegate.swift */; };
		7AEC16741EE699C500614253 /* Assets.xcassets in Resources */ = {isa = PBXBuildFile; fileRef = 7AEC16731EE699C500614253 /* Assets.xcassets */; };
		7AEC16771EE699C500614253 /* LaunchScreen.storyboard in Resources */ = {isa = PBXBuildFile; fileRef = 7AEC16751EE699C500614253 /* LaunchScreen.storyboard */; };
		7AEC16821EE699C500614253 /* Customized_Cloud_StorageTests.swift in Sources */ = {isa = PBXBuildFile; fileRef = 7AEC16811EE699C500614253 /* Customized_Cloud_StorageTests.swift */; };
		7AEC168D1EE699C500614253 /* Customized_Cloud_StorageUITests.swift in Sources */ = {isa = PBXBuildFile; fileRef = 7AEC168C1EE699C500614253 /* Customized_Cloud_StorageUITests.swift */; };
/* End PBXBuildFile section */

/* Begin PBXContainerItemProxy section */
		7AEC167E1EE699C500614253 /* PBXContainerItemProxy */ = {
			isa = PBXContainerItemProxy;
			containerPortal = 7AEC16611EE699C500614253 /* Project object */;
			proxyType = 1;
			remoteGlobalIDString = 7AEC16681EE699C500614253;
			remoteInfo = "Customized Cloud Storage";
		};
		7AEC16891EE699C500614253 /* PBXContainerItemProxy */ = {
			isa = PBXContainerItemProxy;
			containerPortal = 7AEC16611EE699C500614253 /* Project object */;
			proxyType = 1;
			remoteGlobalIDString = 7AEC16681EE699C500614253;
			remoteInfo = "Customized Cloud Storage";
		};
/* End PBXContainerItemProxy section */

/* Begin PBXFileReference section */
		7A175EC31EEC29E000F4D8F3 /* ExtensionTextField.swift */ = {isa = PBXFileReference; fileEncoding = 4; lastKnownFileType = sourcecode.swift; name = ExtensionTextField.swift; path = Models/ExtensionTextField.swift; sourceTree = "<group>"; };
		7A175EC51EEC35EA00F4D8F3 /* RegisterViewController.swift */ = {isa = PBXFileReference; fileEncoding = 4; lastKnownFileType = sourcecode.swift; name = RegisterViewController.swift; path = ViewController/RegisterViewController.swift; sourceTree = "<group>"; };
		7A3DB86E1EE8485400763AF9 /* User.swift */ = {isa = PBXFileReference; fileEncoding = 4; lastKnownFileType = sourcecode.swift; name = User.swift; path = Models/User.swift; sourceTree = "<group>"; };
		7A3DB8751EE87FEE00763AF9 /* LoginViewController.swift */ = {isa = PBXFileReference; fileEncoding = 4; lastKnownFileType = sourcecode.swift; name = LoginViewController.swift; path = ViewController/LoginViewController.swift; sourceTree = "<group>"; };
		7AEC16691EE699C500614253 /* Customized Cloud Storage.app */ = {isa = PBXFileReference; explicitFileType = wrapper.application; includeInIndex = 0; path = "Customized Cloud Storage.app"; sourceTree = BUILT_PRODUCTS_DIR; };
		7AEC166C1EE699C500614253 /* AppDelegate.swift */ = {isa = PBXFileReference; lastKnownFileType = sourcecode.swift; path = AppDelegate.swift; sourceTree = "<group>"; };
		7AEC16711EE699C500614253 /* Base */ = {isa = PBXFileReference; lastKnownFileType = file.storyboard; name = Base; path = Base.lproj/Main.storyboard; sourceTree = "<group>"; };
		7AEC16731EE699C500614253 /* Assets.xcassets */ = {isa = PBXFileReference; lastKnownFileType = folder.assetcatalog; path = Assets.xcassets; sourceTree = "<group>"; };
		7AEC16761EE699C500614253 /* Base */ = {isa = PBXFileReference; lastKnownFileType = file.storyboard; name = Base; path = Base.lproj/LaunchScreen.storyboard; sourceTree = "<group>"; };
		7AEC16781EE699C500614253 /* Info.plist */ = {isa = PBXFileReference; lastKnownFileType = text.plist.xml; path = Info.plist; sourceTree = "<group>"; };
		7AEC167D1EE699C500614253 /* Customized Cloud StorageTests.xctest */ = {isa = PBXFileReference; explicitFileType = wrapper.cfbundle; includeInIndex = 0; path = "Customized Cloud StorageTests.xctest"; sourceTree = BUILT_PRODUCTS_DIR; };
		7AEC16811EE699C500614253 /* Customized_Cloud_StorageTests.swift */ = {isa = PBXFileReference; lastKnownFileType = sourcecode.swift; path = Customized_Cloud_StorageTests.swift; sourceTree = "<group>"; };
		7AEC16831EE699C500614253 /* Info.plist */ = {isa = PBXFileReference; lastKnownFileType = text.plist.xml; path = Info.plist; sourceTree = "<group>"; };
		7AEC16881EE699C500614253 /* Customized Cloud StorageUITests.xctest */ = {isa = PBXFileReference; explicitFileType = wrapper.cfbundle; includeInIndex = 0; path = "Customized Cloud StorageUITests.xctest"; sourceTree = BUILT_PRODUCTS_DIR; };
		7AEC168C1EE699C500614253 /* Customized_Cloud_StorageUITests.swift */ = {isa = PBXFileReference; lastKnownFileType = sourcecode.swift; path = Customized_Cloud_StorageUITests.swift; sourceTree = "<group>"; };
		7AEC168E1EE699C500614253 /* Info.plist */ = {isa = PBXFileReference; lastKnownFileType = text.plist.xml; path = Info.plist; sourceTree = "<group>"; };
/* End PBXFileReference section */

/* Begin PBXFrameworksBuildPhase section */
		7AEC16661EE699C500614253 /* Frameworks */ = {
			isa = PBXFrameworksBuildPhase;
			buildActionMask = 2147483647;
			files = (
			);
			runOnlyForDeploymentPostprocessing = 0;
		};
		7AEC167A1EE699C500614253 /* Frameworks */ = {
			isa = PBXFrameworksBuildPhase;
			buildActionMask = 2147483647;
			files = (
			);
			runOnlyForDeploymentPostprocessing = 0;
		};
		7AEC16851EE699C500614253 /* Frameworks */ = {
			isa = PBXFrameworksBuildPhase;
			buildActionMask = 2147483647;
			files = (
			);
			runOnlyForDeploymentPostprocessing = 0;
		};
/* End PBXFrameworksBuildPhase section */

/* Begin PBXGroup section */
		7A3DB8701EE8486000763AF9 /* Models */ = {
			isa = PBXGroup;
			children = (
				7A3DB86E1EE8485400763AF9 /* User.swift */,
				7A175EC31EEC29E000F4D8F3 /* ExtensionTextField.swift */,
			);
			name = Models;
			sourceTree = "<group>";
		};
		7A3DB8711EE8487E00763AF9 /* ViewController */ = {
			isa = PBXGroup;
			children = (
				7A3DB8751EE87FEE00763AF9 /* LoginViewController.swift */,
				7A175EC51EEC35EA00F4D8F3 /* RegisterViewController.swift */,
			);
			name = ViewController;
			sourceTree = "<group>";
		};
		7AEC16601EE699C500614253 = {
			isa = PBXGroup;
			children = (
				7AEC166B1EE699C500614253 /* Customized Cloud Storage */,
				7AEC16801EE699C500614253 /* Customized Cloud StorageTests */,
				7AEC168B1EE699C500614253 /* Customized Cloud StorageUITests */,
				7AEC166A1EE699C500614253 /* Products */,
			);
			sourceTree = "<group>";
		};
		7AEC166A1EE699C500614253 /* Products */ = {
			isa = PBXGroup;
			children = (
				7AEC16691EE699C500614253 /* Customized Cloud Storage.app */,
				7AEC167D1EE699C500614253 /* Customized Cloud StorageTests.xctest */,
				7AEC16881EE699C500614253 /* Customized Cloud StorageUITests.xctest */,
			);
			name = Products;
			sourceTree = "<group>";
		};
		7AEC166B1EE699C500614253 /* Customized Cloud Storage */ = {
			isa = PBXGroup;
			children = (
				7A3DB8701EE8486000763AF9 /* Models */,
				7A3DB8711EE8487E00763AF9 /* ViewController */,
				7AEC166C1EE699C500614253 /* AppDelegate.swift */,
				7AEC16701EE699C500614253 /* Main.storyboard */,
				7AEC16731EE699C500614253 /* Assets.xcassets */,
				7AEC16751EE699C500614253 /* LaunchScreen.storyboard */,
				7AEC16781EE699C500614253 /* Info.plist */,
			);
			path = "Customized Cloud Storage";
			sourceTree = "<group>";
		};
		7AEC16801EE699C500614253 /* Customized Cloud StorageTests */ = {
			isa = PBXGroup;
			children = (
				7AEC16811EE699C500614253 /* Customized_Cloud_StorageTests.swift */,
				7AEC16831EE699C500614253 /* Info.plist */,
			);
			path = "Customized Cloud StorageTests";
			sourceTree = "<group>";
		};
		7AEC168B1EE699C500614253 /* Customized Cloud StorageUITests */ = {
			isa = PBXGroup;
			children = (
				7AEC168C1EE699C500614253 /* Customized_Cloud_StorageUITests.swift */,
				7AEC168E1EE699C500614253 /* Info.plist */,
			);
			path = "Customized Cloud StorageUITests";
			sourceTree = "<group>";
		};
/* End PBXGroup section */

/* Begin PBXNativeTarget section */
		7AEC16681EE699C500614253 /* Customized Cloud Storage */ = {
			isa = PBXNativeTarget;
			buildConfigurationList = 7AEC16911EE699C500614253 /* Build configuration list for PBXNativeTarget "Customized Cloud Storage" */;
			buildPhases = (
				7AEC16651EE699C500614253 /* Sources */,
				7AEC16661EE699C500614253 /* Frameworks */,
				7AEC16671EE699C500614253 /* Resources */,
			);
			buildRules = (
			);
			dependencies = (
			);
			name = "Customized Cloud Storage";
			productName = "Customized Cloud Storage";
			productReference = 7AEC16691EE699C500614253 /* Customized Cloud Storage.app */;
			productType = "com.apple.product-type.application";
		};
		7AEC167C1EE699C500614253 /* Customized Cloud StorageTests */ = {
			isa = PBXNativeTarget;
			buildConfigurationList = 7AEC16941EE699C500614253 /* Build configuration list for PBXNativeTarget "Customized Cloud StorageTests" */;
			buildPhases = (
				7AEC16791EE699C500614253 /* Sources */,
				7AEC167A1EE699C500614253 /* Frameworks */,
				7AEC167B1EE699C500614253 /* Resources */,
			);
			buildRules = (
			);
			dependencies = (
				7AEC167F1EE699C500614253 /* PBXTargetDependency */,
			);
			name = "Customized Cloud StorageTests";
			productName = "Customized Cloud StorageTests";
			productReference = 7AEC167D1EE699C500614253 /* Customized Cloud StorageTests.xctest */;
			productType = "com.apple.product-type.bundle.unit-test";
		};
		7AEC16871EE699C500614253 /* Customized Cloud StorageUITests */ = {
			isa = PBXNativeTarget;
			buildConfigurationList = 7AEC16971EE699C500614253 /* Build configuration list for PBXNativeTarget "Customized Cloud StorageUITests" */;
			buildPhases = (
				7AEC16841EE699C500614253 /* Sources */,
				7AEC16851EE699C500614253 /* Frameworks */,
				7AEC16861EE699C500614253 /* Resources */,
			);
			buildRules = (
			);
			dependencies = (
				7AEC168A1EE699C500614253 /* PBXTargetDependency */,
			);
			name = "Customized Cloud StorageUITests";
			productName = "Customized Cloud StorageUITests";
			productReference = 7AEC16881EE699C500614253 /* Customized Cloud StorageUITests.xctest */;
			productType = "com.apple.product-type.bundle.ui-testing";
		};
/* End PBXNativeTarget section */

/* Begin PBXProject section */
		7AEC16611EE699C500614253 /* Project object */ = {
			isa = PBXProject;
			attributes = {
				LastSwiftUpdateCheck = 0820;
				LastUpgradeCheck = 0820;
				ORGANIZATIONNAME = MingE;
				TargetAttributes = {
					7AEC16681EE699C500614253 = {
						CreatedOnToolsVersion = 8.2.1;
						DevelopmentTeam = 35ULF4CXKF;
						ProvisioningStyle = Automatic;
					};
					7AEC167C1EE699C500614253 = {
						CreatedOnToolsVersion = 8.2.1;
						ProvisioningStyle = Automatic;
						TestTargetID = 7AEC16681EE699C500614253;
					};
					7AEC16871EE699C500614253 = {
						CreatedOnToolsVersion = 8.2.1;
						ProvisioningStyle = Automatic;
						TestTargetID = 7AEC16681EE699C500614253;
					};
				};
			};
			buildConfigurationList = 7AEC16641EE699C500614253 /* Build configuration list for PBXProject "Customized Cloud Storage" */;
			compatibilityVersion = "Xcode 3.2";
			developmentRegion = English;
			hasScannedForEncodings = 0;
			knownRegions = (
				en,
				Base,
			);
			mainGroup = 7AEC16601EE699C500614253;
			productRefGroup = 7AEC166A1EE699C500614253 /* Products */;
			projectDirPath = "";
			projectRoot = "";
			targets = (
				7AEC16681EE699C500614253 /* Customized Cloud Storage */,
				7AEC167C1EE699C500614253 /* Customized Cloud StorageTests */,
				7AEC16871EE699C500614253 /* Customized Cloud StorageUITests */,
			);
		};
/* End PBXProject section */

/* Begin PBXResourcesBuildPhase section */
		7AEC16671EE699C500614253 /* Resources */ = {
			isa = PBXResourcesBuildPhase;
			buildActionMask = 2147483647;
			files = (
				7A3DB8741EE87FB700763AF9 /* Main.storyboard in Resources */,
				7AEC16771EE699C500614253 /* LaunchScreen.storyboard in Resources */,
				7AEC16741EE699C500614253 /* Assets.xcassets in Resources */,
			);
			runOnlyForDeploymentPostprocessing = 0;
		};
		7AEC167B1EE699C500614253 /* Resources */ = {
			isa = PBXResourcesBuildPhase;
			buildActionMask = 2147483647;
			files = (
			);
			runOnlyForDeploymentPostprocessing = 0;
		};
		7AEC16861EE699C500614253 /* Resources */ = {
			isa = PBXResourcesBuildPhase;
			buildActionMask = 2147483647;
			files = (
			);
			runOnlyForDeploymentPostprocessing = 0;
		};
/* End PBXResourcesBuildPhase section */

/* Begin PBXSourcesBuildPhase section */
		7AEC16651EE699C500614253 /* Sources */ = {
			isa = PBXSourcesBuildPhase;
			buildActionMask = 2147483647;
			files = (
				7A3DB8761EE87FEE00763AF9 /* LoginViewController.swift in Sources */,
				7A175EC61EEC35EA00F4D8F3 /* RegisterViewController.swift in Sources */,
				7A175EC41EEC29E100F4D8F3 /* ExtensionTextField.swift in Sources */,
				7A3DB86F1EE8485400763AF9 /* User.swift in Sources */,
				7AEC166D1EE699C500614253 /* AppDelegate.swift in Sources */,
			);
			runOnlyForDeploymentPostprocessing = 0;
		};
		7AEC16791EE699C500614253 /* Sources */ = {
			isa = PBXSourcesBuildPhase;
			buildActionMask = 2147483647;
			files = (
				7A175EC11EEC16AC00F4D8F3 /* User.swift in Sources */,
				7AEC16821EE699C500614253 /* Customized_Cloud_StorageTests.swift in Sources */,
			);
			runOnlyForDeploymentPostprocessing = 0;
		};
		7AEC16841EE699C500614253 /* Sources */ = {
			isa = PBXSourcesBuildPhase;
			buildActionMask = 2147483647;
			files = (
				7A175EC71EEC35EA00F4D8F3 /* RegisterViewController.swift in Sources */,
				7A175EC21EEC16AD00F4D8F3 /* User.swift in Sources */,
				7AEC168D1EE699C500614253 /* Customized_Cloud_StorageUITests.swift in Sources */,
			);
			runOnlyForDeploymentPostprocessing = 0;
		};
/* End PBXSourcesBuildPhase section */

/* Begin PBXTargetDependency section */
		7AEC167F1EE699C500614253 /* PBXTargetDependency */ = {
			isa = PBXTargetDependency;
			target = 7AEC16681EE699C500614253 /* Customized Cloud Storage */;
			targetProxy = 7AEC167E1EE699C500614253 /* PBXContainerItemProxy */;
		};
		7AEC168A1EE699C500614253 /* PBXTargetDependency */ = {
			isa = PBXTargetDependency;
			target = 7AEC16681EE699C500614253 /* Customized Cloud Storage */;
			targetProxy = 7AEC16891EE699C500614253 /* PBXContainerItemProxy */;
		};
/* End PBXTargetDependency section */

/* Begin PBXVariantGroup section */
		7AEC16701EE699C500614253 /* Main.storyboard */ = {
			isa = PBXVariantGroup;
			children = (
				7AEC16711EE699C500614253 /* Base */,
			);
			name = Main.storyboard;
			sourceTree = "<group>";
		};
		7AEC16751EE699C500614253 /* LaunchScreen.storyboard */ = {
			isa = PBXVariantGroup;
			children = (
				7AEC16761EE699C500614253 /* Base */,
			);
			name = LaunchScreen.storyboard;
			sourceTree = "<group>";
		};
/* End PBXVariantGroup section */

/* Begin XCBuildConfiguration section */
		7AEC168F1EE699C500614253 /* Debug */ = {
			isa = XCBuildConfiguration;
			buildSettings = {
				ALWAYS_SEARCH_USER_PATHS = NO;
				CLANG_ANALYZER_NONNULL = YES;
				CLANG_CXX_LANGUAGE_STANDARD = "gnu++0x";
				CLANG_CXX_LIBRARY = "libc++";
				CLANG_ENABLE_MODULES = YES;
				CLANG_ENABLE_OBJC_ARC = YES;
				CLANG_WARN_BOOL_CONVERSION = YES;
				CLANG_WARN_CONSTANT_CONVERSION = YES;
				CLANG_WARN_DIRECT_OBJC_ISA_USAGE = YES_ERROR;
				CLANG_WARN_DOCUMENTATION_COMMENTS = YES;
				CLANG_WARN_EMPTY_BODY = YES;
				CLANG_WARN_ENUM_CONVERSION = YES;
				CLANG_WARN_INFINITE_RECURSION = YES;
				CLANG_WARN_INT_CONVERSION = YES;
				CLANG_WARN_OBJC_ROOT_CLASS = YES_ERROR;
				CLANG_WARN_SUSPICIOUS_MOVE = YES;
				CLANG_WARN_UNREACHABLE_CODE = YES;
				CLANG_WARN__DUPLICATE_METHOD_MATCH = YES;
				"CODE_SIGN_IDENTITY[sdk=iphoneos*]" = "iPhone Developer";
				COPY_PHASE_STRIP = NO;
				DEBUG_INFORMATION_FORMAT = dwarf;
				ENABLE_STRICT_OBJC_MSGSEND = YES;
				ENABLE_TESTABILITY = YES;
				GCC_C_LANGUAGE_STANDARD = gnu99;
				GCC_DYNAMIC_NO_PIC = NO;
				GCC_NO_COMMON_BLOCKS = YES;
				GCC_OPTIMIZATION_LEVEL = 0;
				GCC_PREPROCESSOR_DEFINITIONS = (
					"DEBUG=1",
					"$(inherited)",
				);
				GCC_WARN_64_TO_32_BIT_CONVERSION = YES;
				GCC_WARN_ABOUT_RETURN_TYPE = YES_ERROR;
				GCC_WARN_UNDECLARED_SELECTOR = YES;
				GCC_WARN_UNINITIALIZED_AUTOS = YES_AGGRESSIVE;
				GCC_WARN_UNUSED_FUNCTION = YES;
				GCC_WARN_UNUSED_VARIABLE = YES;
				IPHONEOS_DEPLOYMENT_TARGET = 9.0;
				MTL_ENABLE_DEBUG_INFO = YES;
				ONLY_ACTIVE_ARCH = YES;
				SDKROOT = iphoneos;
				SWIFT_ACTIVE_COMPILATION_CONDITIONS = DEBUG;
				SWIFT_OPTIMIZATION_LEVEL = "-Onone";
				TARGETED_DEVICE_FAMILY = "1,2";
			};
			name = Debug;
		};
		7AEC16901EE699C500614253 /* Release */ = {
			isa = XCBuildConfiguration;
			buildSettings = {
				ALWAYS_SEARCH_USER_PATHS = NO;
				CLANG_ANALYZER_NONNULL = YES;
				CLANG_CXX_LANGUAGE_STANDARD = "gnu++0x";
				CLANG_CXX_LIBRARY = "libc++";
				CLANG_ENABLE_MODULES = YES;
				CLANG_ENABLE_OBJC_ARC = YES;
				CLANG_WARN_BOOL_CONVERSION = YES;
				CLANG_WARN_CONSTANT_CONVERSION = YES;
				CLANG_WARN_DIRECT_OBJC_ISA_USAGE = YES_ERROR;
				CLANG_WARN_DOCUMENTATION_COMMENTS = YES;
				CLANG_WARN_EMPTY_BODY = YES;
				CLANG_WARN_ENUM_CONVERSION = YES;
				CLANG_WARN_INFINITE_RECURSION = YES;
				CLANG_WARN_INT_CONVERSION = YES;
				CLANG_WARN_OBJC_ROOT_CLASS = YES_ERROR;
				CLANG_WARN_SUSPICIOUS_MOVE = YES;
				CLANG_WARN_UNREACHABLE_CODE = YES;
				CLANG_WARN__DUPLICATE_METHOD_MATCH = YES;
				"CODE_SIGN_IDENTITY[sdk=iphoneos*]" = "iPhone Developer";
				COPY_PHASE_STRIP = NO;
				DEBUG_INFORMATION_FORMAT = "dwarf-with-dsym";
				ENABLE_NS_ASSERTIONS = NO;
				ENABLE_STRICT_OBJC_MSGSEND = YES;
				GCC_C_LANGUAGE_STANDARD = gnu99;
				GCC_NO_COMMON_BLOCKS = YES;
				GCC_WARN_64_TO_32_BIT_CONVERSION = YES;
				GCC_WARN_ABOUT_RETURN_TYPE = YES_ERROR;
				GCC_WARN_UNDECLARED_SELECTOR = YES;
				GCC_WARN_UNINITIALIZED_AUTOS = YES_AGGRESSIVE;
				GCC_WARN_UNUSED_FUNCTION = YES;
				GCC_WARN_UNUSED_VARIABLE = YES;
				IPHONEOS_DEPLOYMENT_TARGET = 9.0;
				MTL_ENABLE_DEBUG_INFO = NO;
				SDKROOT = iphoneos;
				SWIFT_OPTIMIZATION_LEVEL = "-Owholemodule";
				TARGETED_DEVICE_FAMILY = "1,2";
				VALIDATE_PRODUCT = YES;
			};
			name = Release;
		};
		7AEC16921EE699C500614253 /* Debug */ = {
			isa = XCBuildConfiguration;
			buildSettings = {
				ASSETCATALOG_COMPILER_APPICON_NAME = AppIcon;
				DEVELOPMENT_TEAM = 35ULF4CXKF;
				INFOPLIST_FILE = "Customized Cloud Storage/Info.plist";
				LD_RUNPATH_SEARCH_PATHS = "$(inherited) @executable_path/Frameworks";
				PRODUCT_BUNDLE_IDENTIFIER = "MingE.Customized-Cloud-Storage";
				PRODUCT_NAME = "$(TARGET_NAME)";
				SWIFT_VERSION = 3.0;
			};
			name = Debug;
		};
		7AEC16931EE699C500614253 /* Release */ = {
			isa = XCBuildConfiguration;
			buildSettings = {
				ASSETCATALOG_COMPILER_APPICON_NAME = AppIcon;
				DEVELOPMENT_TEAM = 35ULF4CXKF;
				INFOPLIST_FILE = "Customized Cloud Storage/Info.plist";
				LD_RUNPATH_SEARCH_PATHS = "$(inherited) @executable_path/Frameworks";
				PRODUCT_BUNDLE_IDENTIFIER = "MingE.Customized-Cloud-Storage";
				PRODUCT_NAME = "$(TARGET_NAME)";
				SWIFT_VERSION = 3.0;
			};
			name = Release;
		};
		7AEC16951EE699C500614253 /* Debug */ = {
			isa = XCBuildConfiguration;
			buildSettings = {
				ALWAYS_EMBED_SWIFT_STANDARD_LIBRARIES = YES;
				BUNDLE_LOADER = "$(TEST_HOST)";
				INFOPLIST_FILE = "Customized Cloud StorageTests/Info.plist";
				LD_RUNPATH_SEARCH_PATHS = "$(inherited) @executable_path/Frameworks @loader_path/Frameworks";
				PRODUCT_BUNDLE_IDENTIFIER = "MingE.Customized-Cloud-StorageTests";
				PRODUCT_NAME = "$(TARGET_NAME)";
				SWIFT_VERSION = 3.0;
				TEST_HOST = "$(BUILT_PRODUCTS_DIR)/Customized Cloud Storage.app/Customized Cloud Storage";
			};
			name = Debug;
		};
		7AEC16961EE699C500614253 /* Release */ = {
			isa = XCBuildConfiguration;
			buildSettings = {
				ALWAYS_EMBED_SWIFT_STANDARD_LIBRARIES = YES;
				BUNDLE_LOADER = "$(TEST_HOST)";
				INFOPLIST_FILE = "Customized Cloud StorageTests/Info.plist";
				LD_RUNPATH_SEARCH_PATHS = "$(inherited) @executable_path/Frameworks @loader_path/Frameworks";
				PRODUCT_BUNDLE_IDENTIFIER = "MingE.Customized-Cloud-StorageTests";
				PRODUCT_NAME = "$(TARGET_NAME)";
				SWIFT_VERSION = 3.0;
				TEST_HOST = "$(BUILT_PRODUCTS_DIR)/Customized Cloud Storage.app/Customized Cloud Storage";
			};
			name = Release;
		};
		7AEC16981EE699C500614253 /* Debug */ = {
			isa = XCBuildConfiguration;
			buildSettings = {
				ALWAYS_EMBED_SWIFT_STANDARD_LIBRARIES = YES;
				INFOPLIST_FILE = "Customized Cloud StorageUITests/Info.plist";
				LD_RUNPATH_SEARCH_PATHS = "$(inherited) @executable_path/Frameworks @loader_path/Frameworks";
				PRODUCT_BUNDLE_IDENTIFIER = "MingE.Customized-Cloud-StorageUITests";
				PRODUCT_NAME = "$(TARGET_NAME)";
				SWIFT_VERSION = 3.0;
				TEST_TARGET_NAME = "Customized Cloud Storage";
			};
			name = Debug;
		};
		7AEC16991EE699C500614253 /* Release */ = {
			isa = XCBuildConfiguration;
			buildSettings = {
				ALWAYS_EMBED_SWIFT_STANDARD_LIBRARIES = YES;
				INFOPLIST_FILE = "Customized Cloud StorageUITests/Info.plist";
				LD_RUNPATH_SEARCH_PATHS = "$(inherited) @executable_path/Frameworks @loader_path/Frameworks";
				PRODUCT_BUNDLE_IDENTIFIER = "MingE.Customized-Cloud-StorageUITests";
				PRODUCT_NAME = "$(TARGET_NAME)";
				SWIFT_VERSION = 3.0;
				TEST_TARGET_NAME = "Customized Cloud Storage";
			};
			name = Release;
		};
/* End XCBuildConfiguration section */

/* Begin XCConfigurationList section */
		7AEC16641EE699C500614253 /* Build configuration list for PBXProject "Customized Cloud Storage" */ = {
			isa = XCConfigurationList;
			buildConfigurations = (
				7AEC168F1EE699C500614253 /* Debug */,
				7AEC16901EE699C500614253 /* Release */,
			);
			defaultConfigurationIsVisible = 0;
			defaultConfigurationName = Release;
		};
		7AEC16911EE699C500614253 /* Build configuration list for PBXNativeTarget "Customized Cloud Storage" */ = {
			isa = XCConfigurationList;
			buildConfigurations = (
				7AEC16921EE699C500614253 /* Debug */,
				7AEC16931EE699C500614253 /* Release */,
			);
			defaultConfigurationIsVisible = 0;
			defaultConfigurationName = Release;
		};
		7AEC16941EE699C500614253 /* Build configuration list for PBXNativeTarget "Customized Cloud StorageTests" */ = {
			isa = XCConfigurationList;
			buildConfigurations = (
				7AEC16951EE699C500614253 /* Debug */,
				7AEC16961EE699C500614253 /* Release */,
			);
			defaultConfigurationIsVisible = 0;
			defaultConfigurationName = Release;
		};
		7AEC16971EE699C500614253 /* Build configuration list for PBXNativeTarget "Customized Cloud StorageUITests" */ = {
			isa = XCConfigurationList;
			buildConfigurations = (
				7AEC16981EE699C500614253 /* Debug */,
				7AEC16991EE699C500614253 /* Release */,
			);
			defaultConfigurationIsVisible = 0;
			defaultConfigurationName = Release;
		};
/* End XCConfigurationList section */
	};
	rootObject = 7AEC16611EE699C500614253 /* Project object */;
}
