// !$*UTF8*$!
{
	archiveVersion = 1;
	classes = {
	};
	objectVersion = 46;
	objects = {

/* Begin PBXBuildFile section */
		098BB90845EC27BEBE85429E /* Pods_Customized_Cloud_StorageTests.framework in Frameworks */ = {isa = PBXBuildFile; fileRef = 1ACBAD897E74A9916F73B9F3 /* Pods_Customized_Cloud_StorageTests.framework */; };
		7A132C281EEDCA6E00D9DAFB /* Logo in Resources */ = {isa = PBXBuildFile; fileRef = 7A132C271EEDCA6E00D9DAFB /* Logo */; };
		7A175EC11EEC16AC00F4D8F3 /* User.swift in Sources */ = {isa = PBXBuildFile; fileRef = 7A3DB86E1EE8485400763AF9 /* User.swift */; };
		7A175EC21EEC16AD00F4D8F3 /* User.swift in Sources */ = {isa = PBXBuildFile; fileRef = 7A3DB86E1EE8485400763AF9 /* User.swift */; };
		7A175EC41EEC29E100F4D8F3 /* ExtensionTextField.swift in Sources */ = {isa = PBXBuildFile; fileRef = 7A175EC31EEC29E000F4D8F3 /* ExtensionTextField.swift */; };
		7A175EC61EEC35EA00F4D8F3 /* RegisterViewController.swift in Sources */ = {isa = PBXBuildFile; fileRef = 7A175EC51EEC35EA00F4D8F3 /* RegisterViewController.swift */; };
		7A175EC71EEC35EA00F4D8F3 /* RegisterViewController.swift in Sources */ = {isa = PBXBuildFile; fileRef = 7A175EC51EEC35EA00F4D8F3 /* RegisterViewController.swift */; };
		7A175EC81EEC599D00F4D8F3 /* Main.storyboard in Resources */ = {isa = PBXBuildFile; fileRef = 7AEC16701EE699C500614253 /* Main.storyboard */; };
		7A175EC91EEC59B500F4D8F3 /* ExtensionTextField.swift in Sources */ = {isa = PBXBuildFile; fileRef = 7A175EC31EEC29E000F4D8F3 /* ExtensionTextField.swift */; };
		7A175ECA1EEC59BA00F4D8F3 /* LoginViewController.swift in Sources */ = {isa = PBXBuildFile; fileRef = 7A3DB8751EE87FEE00763AF9 /* LoginViewController.swift */; };
		7A3DB86F1EE8485400763AF9 /* User.swift in Sources */ = {isa = PBXBuildFile; fileRef = 7A3DB86E1EE8485400763AF9 /* User.swift */; };
		7A3DB8741EE87FB700763AF9 /* Main.storyboard in Resources */ = {isa = PBXBuildFile; fileRef = 7AEC16701EE699C500614253 /* Main.storyboard */; };
		7A3DB8761EE87FEE00763AF9 /* LoginViewController.swift in Sources */ = {isa = PBXBuildFile; fileRef = 7A3DB8751EE87FEE00763AF9 /* LoginViewController.swift */; };
		7A9354EF1EEDC21E00452632 /* Icons in Resources */ = {isa = PBXBuildFile; fileRef = 7A9354EE1EEDC21E00452632 /* Icons */; };
		7AC13D561EEEF77300FE4B6A /* DashBoardTableViewController.swift in Sources */ = {isa = PBXBuildFile; fileRef = 7AC13D551EEEF77300FE4B6A /* DashBoardTableViewController.swift */; };
		7AC13D571EEEF77300FE4B6A /* DashBoardTableViewController.swift in Sources */ = {isa = PBXBuildFile; fileRef = 7AC13D551EEEF77300FE4B6A /* DashBoardTableViewController.swift */; };
		7AEC166D1EE699C500614253 /* AppDelegate.swift in Sources */ = {isa = PBXBuildFile; fileRef = 7AEC166C1EE699C500614253 /* AppDelegate.swift */; };
		7AEC16741EE699C500614253 /* Assets.xcassets in Resources */ = {isa = PBXBuildFile; fileRef = 7AEC16731EE699C500614253 /* Assets.xcassets */; };
		7AEC16771EE699C500614253 /* LaunchScreen.storyboard in Resources */ = {isa = PBXBuildFile; fileRef = 7AEC16751EE699C500614253 /* LaunchScreen.storyboard */; };
		7AEC16821EE699C500614253 /* Customized_Cloud_StorageTests.swift in Sources */ = {isa = PBXBuildFile; fileRef = 7AEC16811EE699C500614253 /* Customized_Cloud_StorageTests.swift */; };
		7AEC168D1EE699C500614253 /* Customized_Cloud_StorageUITests.swift in Sources */ = {isa = PBXBuildFile; fileRef = 7AEC168C1EE699C500614253 /* Customized_Cloud_StorageUITests.swift */; };
		F42BC9B74B67760DFC67C5C7 /* Pods_Customized_Cloud_StorageUITests.framework in Frameworks */ = {isa = PBXBuildFile; fileRef = 2E53FD3A1BEC1B89E97D1564 /* Pods_Customized_Cloud_StorageUITests.framework */; };
		FE803B9A284CA0AE00488C2D /* Pods_Customized_Cloud_Storage.framework in Frameworks */ = {isa = PBXBuildFile; fileRef = 619E66A06467AE246A00608E /* Pods_Customized_Cloud_Storage.framework */; };
/* End PBXBuildFile section */

/* Begin PBXContainerItemProxy section */
		7AEC167E1EE699C500614253 /* PBXContainerItemProxy */ = {
			isa = PBXContainerItemProxy;
			containerPortal = 7AEC16611EE699C500614253 /* Project object */;
			proxyType = 1;
			remoteGlobalIDString = 7AEC16681EE699C500614253;
			remoteInfo = "Customized Cloud Storage";
		};
		7AEC16891EE699C500614253 /* PBXContainerItemProxy */ = {
			isa = PBXContainerItemProxy;
			containerPortal = 7AEC16611EE699C500614253 /* Project object */;
			proxyType = 1;
			remoteGlobalIDString = 7AEC16681EE699C500614253;
			remoteInfo = "Customized Cloud Storage";
		};
/* End PBXContainerItemProxy section */

/* Begin PBXFileReference section */
		1ACBAD897E74A9916F73B9F3 /* Pods_Customized_Cloud_StorageTests.framework */ = {isa = PBXFileReference; explicitFileType = wrapper.framework; includeInIndex = 0; path = Pods_Customized_Cloud_StorageTests.framework; sourceTree = BUILT_PRODUCTS_DIR; };
		2E53FD3A1BEC1B89E97D1564 /* Pods_Customized_Cloud_StorageUITests.framework */ = {isa = PBXFileReference; explicitFileType = wrapper.framework; includeInIndex = 0; path = Pods_Customized_Cloud_StorageUITests.framework; sourceTree = BUILT_PRODUCTS_DIR; };
		619E66A06467AE246A00608E /* Pods_Customized_Cloud_Storage.framework */ = {isa = PBXFileReference; explicitFileType = wrapper.framework; includeInIndex = 0; path = Pods_Customized_Cloud_Storage.framework; sourceTree = BUILT_PRODUCTS_DIR; };
		6825CC926349AF8AB5FFFBA5 /* Pods-Customized Cloud Storage.debug.xcconfig */ = {isa = PBXFileReference; includeInIndex = 1; lastKnownFileType = text.xcconfig; name = "Pods-Customized Cloud Storage.debug.xcconfig"; path = "Pods/Target Support Files/Pods-Customized Cloud Storage/Pods-Customized Cloud Storage.debug.xcconfig"; sourceTree = "<group>"; };
		7A132C271EEDCA6E00D9DAFB /* Logo */ = {isa = PBXFileReference; lastKnownFileType = folder; path = Logo; sourceTree = SOURCE_ROOT; };
		7A175EC31EEC29E000F4D8F3 /* ExtensionTextField.swift */ = {isa = PBXFileReference; fileEncoding = 4; lastKnownFileType = sourcecode.swift; name = ExtensionTextField.swift; path = Models/ExtensionTextField.swift; sourceTree = "<group>"; };
		7A175EC51EEC35EA00F4D8F3 /* RegisterViewController.swift */ = {isa = PBXFileReference; fileEncoding = 4; lastKnownFileType = sourcecode.swift; name = RegisterViewController.swift; path = ViewController/RegisterViewController.swift; sourceTree = "<group>"; };
		7A3DB86E1EE8485400763AF9 /* User.swift */ = {isa = PBXFileReference; fileEncoding = 4; lastKnownFileType = sourcecode.swift; name = User.swift; path = Models/User.swift; sourceTree = "<group>"; };
		7A3DB8751EE87FEE00763AF9 /* LoginViewController.swift */ = {isa = PBXFileReference; fileEncoding = 4; lastKnownFileType = sourcecode.swift; name = LoginViewController.swift; path = ViewController/LoginViewController.swift; sourceTree = "<group>"; };
		7A9354EE1EEDC21E00452632 /* Icons */ = {isa = PBXFileReference; lastKnownFileType = folder; path = Icons; sourceTree = SOURCE_ROOT; };
		7AC13D551EEEF77300FE4B6A /* DashBoardTableViewController.swift */ = {isa = PBXFileReference; fileEncoding = 4; lastKnownFileType = sourcecode.swift; name = DashBoardTableViewController.swift; path = ViewController/DashBoardTableViewController.swift; sourceTree = "<group>"; };
		7AEC16691EE699C500614253 /* Customized Cloud Storage.app */ = {isa = PBXFileReference; explicitFileType = wrapper.application; includeInIndex = 0; path = "Customized Cloud Storage.app"; sourceTree = BUILT_PRODUCTS_DIR; };
		7AEC166C1EE699C500614253 /* AppDelegate.swift */ = {isa = PBXFileReference; lastKnownFileType = sourcecode.swift; path = AppDelegate.swift; sourceTree = "<group>"; };
		7AEC16711EE699C500614253 /* Base */ = {isa = PBXFileReference; lastKnownFileType = file.storyboard; name = Base; path = Base.lproj/Main.storyboard; sourceTree = "<group>"; };
		7AEC16731EE699C500614253 /* Assets.xcassets */ = {isa = PBXFileReference; lastKnownFileType = folder.assetcatalog; path = Assets.xcassets; sourceTree = "<group>"; };
		7AEC16761EE699C500614253 /* Base */ = {isa = PBXFileReference; lastKnownFileType = file.storyboard; name = Base; path = Base.lproj/LaunchScreen.storyboard; sourceTree = "<group>"; };
		7AEC16781EE699C500614253 /* Info.plist */ = {isa = PBXFileReference; lastKnownFileType = text.plist.xml; path = Info.plist; sourceTree = "<group>"; };
		7AEC167D1EE699C500614253 /* Customized Cloud StorageTests.xctest */ = {isa = PBXFileReference; explicitFileType = wrapper.cfbundle; includeInIndex = 0; path = "Customized Cloud StorageTests.xctest"; sourceTree = BUILT_PRODUCTS_DIR; };
		7AEC16811EE699C500614253 /* Customized_Cloud_StorageTests.swift */ = {isa = PBXFileReference; lastKnownFileType = sourcecode.swift; path = Customized_Cloud_StorageTests.swift; sourceTree = "<group>"; };
		7AEC16831EE699C500614253 /* Info.plist */ = {isa = PBXFileReference; lastKnownFileType = text.plist.xml; path = Info.plist; sourceTree = "<group>"; };
		7AEC16881EE699C500614253 /* Customized Cloud StorageUITests.xctest */ = {isa = PBXFileReference; explicitFileType = wrapper.cfbundle; includeInIndex = 0; path = "Customized Cloud StorageUITests.xctest"; sourceTree = BUILT_PRODUCTS_DIR; };
		7AEC168C1EE699C500614253 /* Customized_Cloud_StorageUITests.swift */ = {isa = PBXFileReference; lastKnownFileType = sourcecode.swift; path = Customized_Cloud_StorageUITests.swift; sourceTree = "<group>"; };
		7AEC168E1EE699C500614253 /* Info.plist */ = {isa = PBXFileReference; lastKnownFileType = text.plist.xml; path = Info.plist; sourceTree = "<group>"; };
		90204FE77D3ED9B8E43D7860 /* Pods-Customized Cloud StorageUITests.release.xcconfig */ = {isa = PBXFileReference; includeInIndex = 1; lastKnownFileType = text.xcconfig; name = "Pods-Customized Cloud StorageUITests.release.xcconfig"; path = "Pods/Target Support Files/Pods-Customized Cloud StorageUITests/Pods-Customized Cloud StorageUITests.release.xcconfig"; sourceTree = "<group>"; };
		BBF65AEA44CD1E37A2E97FC9 /* Pods-Customized Cloud StorageTests.debug.xcconfig */ = {isa = PBXFileReference; includeInIndex = 1; lastKnownFileType = text.xcconfig; name = "Pods-Customized Cloud StorageTests.debug.xcconfig"; path = "Pods/Target Support Files/Pods-Customized Cloud StorageTests/Pods-Customized Cloud StorageTests.debug.xcconfig"; sourceTree = "<group>"; };
		C63A07F841A234DFDE57EC3B /* Pods-Customized Cloud StorageUITests.debug.xcconfig */ = {isa = PBXFileReference; includeInIndex = 1; lastKnownFileType = text.xcconfig; name = "Pods-Customized Cloud StorageUITests.debug.xcconfig"; path = "Pods/Target Support Files/Pods-Customized Cloud StorageUITests/Pods-Customized Cloud StorageUITests.debug.xcconfig"; sourceTree = "<group>"; };
		CB1FB38F7FD9151F0DF0A89A /* Pods-Customized Cloud StorageTests.release.xcconfig */ = {isa = PBXFileReference; includeInIndex = 1; lastKnownFileType = text.xcconfig; name = "Pods-Customized Cloud StorageTests.release.xcconfig"; path = "Pods/Target Support Files/Pods-Customized Cloud StorageTests/Pods-Customized Cloud StorageTests.release.xcconfig"; sourceTree = "<group>"; };
		E5E43F9D21E062A081D257B6 /* Pods-Customized Cloud Storage.release.xcconfig */ = {isa = PBXFileReference; includeInIndex = 1; lastKnownFileType = text.xcconfig; name = "Pods-Customized Cloud Storage.release.xcconfig"; path = "Pods/Target Support Files/Pods-Customized Cloud Storage/Pods-Customized Cloud Storage.release.xcconfig"; sourceTree = "<group>"; };
/* End PBXFileReference section */

/* Begin PBXFrameworksBuildPhase section */
		7AEC16661EE699C500614253 /* Frameworks */ = {
			isa = PBXFrameworksBuildPhase;
			buildActionMask = 2147483647;
			files = (
				FE803B9A284CA0AE00488C2D /* Pods_Customized_Cloud_Storage.framework in Frameworks */,
			);
			runOnlyForDeploymentPostprocessing = 0;
		};
		7AEC167A1EE699C500614253 /* Frameworks */ = {
			isa = PBXFrameworksBuildPhase;
			buildActionMask = 2147483647;
			files = (
				098BB90845EC27BEBE85429E /* Pods_Customized_Cloud_StorageTests.framework in Frameworks */,
			);
			runOnlyForDeploymentPostprocessing = 0;
		};
		7AEC16851EE699C500614253 /* Frameworks */ = {
			isa = PBXFrameworksBuildPhase;
			buildActionMask = 2147483647;
			files = (
				F42BC9B74B67760DFC67C5C7 /* Pods_Customized_Cloud_StorageUITests.framework in Frameworks */,
			);
			runOnlyForDeploymentPostprocessing = 0;
		};
/* End PBXFrameworksBuildPhase section */

/* Begin PBXGroup section */
		2B835B17B380EFA73C7C7621 /* Frameworks */ = {
			isa = PBXGroup;
			children = (
				619E66A06467AE246A00608E /* Pods_Customized_Cloud_Storage.framework */,
				1ACBAD897E74A9916F73B9F3 /* Pods_Customized_Cloud_StorageTests.framework */,
				2E53FD3A1BEC1B89E97D1564 /* Pods_Customized_Cloud_StorageUITests.framework */,
			);
			name = Frameworks;
			sourceTree = "<group>";
		};
		7A175F111EED480900F4D8F3 /* Resources */ = {
			isa = PBXGroup;
			children = (
				7A132C271EEDCA6E00D9DAFB /* Logo */,
				7A9354EE1EEDC21E00452632 /* Icons */,
			);
			name = Resources;
			sourceTree = "<group>";
		};
		7A3DB8701EE8486000763AF9 /* Models */ = {
			isa = PBXGroup;
			children = (
				7A3DB86E1EE8485400763AF9 /* User.swift */,
				7A175EC31EEC29E000F4D8F3 /* ExtensionTextField.swift */,
			);
			name = Models;
			sourceTree = "<group>";
		};
		7A3DB8711EE8487E00763AF9 /* ViewController */ = {
			isa = PBXGroup;
			children = (
				7A3DB8751EE87FEE00763AF9 /* LoginViewController.swift */,
				7A175EC51EEC35EA00F4D8F3 /* RegisterViewController.swift */,
				7AC13D551EEEF77300FE4B6A /* DashBoardTableViewController.swift */,
			);
			name = ViewController;
			sourceTree = "<group>";
		};
		7AEC16601EE699C500614253 = {
			isa = PBXGroup;
			children = (
				7AEC166B1EE699C500614253 /* Customized Cloud Storage */,
				7AEC16801EE699C500614253 /* Customized Cloud StorageTests */,
				7AEC168B1EE699C500614253 /* Customized Cloud StorageUITests */,
				7AEC166A1EE699C500614253 /* Products */,
				E7E2813F1EEDB1B2F927885C /* Pods */,
				2B835B17B380EFA73C7C7621 /* Frameworks */,
			);
			sourceTree = "<group>";
		};
		7AEC166A1EE699C500614253 /* Products */ = {
			isa = PBXGroup;
			children = (
				7AEC16691EE699C500614253 /* Customized Cloud Storage.app */,
				7AEC167D1EE699C500614253 /* Customized Cloud StorageTests.xctest */,
				7AEC16881EE699C500614253 /* Customized Cloud StorageUITests.xctest */,
			);
			name = Products;
			sourceTree = "<group>";
		};
		7AEC166B1EE699C500614253 /* Customized Cloud Storage */ = {
			isa = PBXGroup;
			children = (
				7A175F111EED480900F4D8F3 /* Resources */,
				7A3DB8701EE8486000763AF9 /* Models */,
				7A3DB8711EE8487E00763AF9 /* ViewController */,
				7AEC166C1EE699C500614253 /* AppDelegate.swift */,
				7AEC16701EE699C500614253 /* Main.storyboard */,
				7AEC16731EE699C500614253 /* Assets.xcassets */,
				7AEC16751EE699C500614253 /* LaunchScreen.storyboard */,
				7AEC16781EE699C500614253 /* Info.plist */,
			);
			path = "Customized Cloud Storage";
			sourceTree = "<group>";
		};
		7AEC16801EE699C500614253 /* Customized Cloud StorageTests */ = {
			isa = PBXGroup;
			children = (
				7AEC16811EE699C500614253 /* Customized_Cloud_StorageTests.swift */,
				7AEC16831EE699C500614253 /* Info.plist */,
			);
			path = "Customized Cloud StorageTests";
			sourceTree = "<group>";
		};
		7AEC168B1EE699C500614253 /* Customized Cloud StorageUITests */ = {
			isa = PBXGroup;
			children = (
				7AEC168C1EE699C500614253 /* Customized_Cloud_StorageUITests.swift */,
				7AEC168E1EE699C500614253 /* Info.plist */,
			);
			path = "Customized Cloud StorageUITests";
			sourceTree = "<group>";
		};
		E7E2813F1EEDB1B2F927885C /* Pods */ = {
			isa = PBXGroup;
			children = (
				6825CC926349AF8AB5FFFBA5 /* Pods-Customized Cloud Storage.debug.xcconfig */,
				E5E43F9D21E062A081D257B6 /* Pods-Customized Cloud Storage.release.xcconfig */,
				BBF65AEA44CD1E37A2E97FC9 /* Pods-Customized Cloud StorageTests.debug.xcconfig */,
				CB1FB38F7FD9151F0DF0A89A /* Pods-Customized Cloud StorageTests.release.xcconfig */,
				C63A07F841A234DFDE57EC3B /* Pods-Customized Cloud StorageUITests.debug.xcconfig */,
				90204FE77D3ED9B8E43D7860 /* Pods-Customized Cloud StorageUITests.release.xcconfig */,
			);
			name = Pods;
			sourceTree = "<group>";
		};
/* End PBXGroup section */

/* Begin PBXNativeTarget section */
		7AEC16681EE699C500614253 /* Customized Cloud Storage */ = {
			isa = PBXNativeTarget;
			buildConfigurationList = 7AEC16911EE699C500614253 /* Build configuration list for PBXNativeTarget "Customized Cloud Storage" */;
			buildPhases = (
				3E154BBBA2C7F8A58B062C71 /* [CP] Check Pods Manifest.lock */,
				7AEC16651EE699C500614253 /* Sources */,
				7AEC16661EE699C500614253 /* Frameworks */,
				7AEC16671EE699C500614253 /* Resources */,
				B5E3C9DACD944EEB73D50332 /* [CP] Embed Pods Frameworks */,
				95552FB338E860621E42E727 /* [CP] Copy Pods Resources */,
			);
			buildRules = (
			);
			dependencies = (
			);
			name = "Customized Cloud Storage";
			productName = "Customized Cloud Storage";
			productReference = 7AEC16691EE699C500614253 /* Customized Cloud Storage.app */;
			productType = "com.apple.product-type.application";
		};
		7AEC167C1EE699C500614253 /* Customized Cloud StorageTests */ = {
			isa = PBXNativeTarget;
			buildConfigurationList = 7AEC16941EE699C500614253 /* Build configuration list for PBXNativeTarget "Customized Cloud StorageTests" */;
			buildPhases = (
				E06D7FF523FF2E37ABFE6A1F /* [CP] Check Pods Manifest.lock */,
				7AEC16791EE699C500614253 /* Sources */,
				7AEC167A1EE699C500614253 /* Frameworks */,
				7AEC167B1EE699C500614253 /* Resources */,
				3FA06B39D3A70653A4B96FCE /* [CP] Embed Pods Frameworks */,
				0C3328D991CCBA12772EB8E7 /* [CP] Copy Pods Resources */,
			);
			buildRules = (
			);
			dependencies = (
				7AEC167F1EE699C500614253 /* PBXTargetDependency */,
			);
			name = "Customized Cloud StorageTests";
			productName = "Customized Cloud StorageTests";
			productReference = 7AEC167D1EE699C500614253 /* Customized Cloud StorageTests.xctest */;
			productType = "com.apple.product-type.bundle.unit-test";
		};
		7AEC16871EE699C500614253 /* Customized Cloud StorageUITests */ = {
			isa = PBXNativeTarget;
			buildConfigurationList = 7AEC16971EE699C500614253 /* Build configuration list for PBXNativeTarget "Customized Cloud StorageUITests" */;
			buildPhases = (
				12501BC98C00462A23344FDC /* [CP] Check Pods Manifest.lock */,
				7AEC16841EE699C500614253 /* Sources */,
				7AEC16851EE699C500614253 /* Frameworks */,
				7AEC16861EE699C500614253 /* Resources */,
				1318EF60AA3BE28B1F210371 /* [CP] Embed Pods Frameworks */,
				F1FAEC1FAFB62AE447596971 /* [CP] Copy Pods Resources */,
			);
			buildRules = (
			);
			dependencies = (
				7AEC168A1EE699C500614253 /* PBXTargetDependency */,
			);
			name = "Customized Cloud StorageUITests";
			productName = "Customized Cloud StorageUITests";
			productReference = 7AEC16881EE699C500614253 /* Customized Cloud StorageUITests.xctest */;
			productType = "com.apple.product-type.bundle.ui-testing";
		};
/* End PBXNativeTarget section */

/* Begin PBXProject section */
		7AEC16611EE699C500614253 /* Project object */ = {
			isa = PBXProject;
			attributes = {
				LastSwiftUpdateCheck = 0820;
				LastUpgradeCheck = 0820;
				ORGANIZATIONNAME = MingE;
				TargetAttributes = {
					7AEC16681EE699C500614253 = {
						CreatedOnToolsVersion = 8.2.1;
						DevelopmentTeam = 35ULF4CXKF;
						ProvisioningStyle = Automatic;
					};
					7AEC167C1EE699C500614253 = {
						CreatedOnToolsVersion = 8.2.1;
						ProvisioningStyle = Automatic;
						TestTargetID = 7AEC16681EE699C500614253;
					};
					7AEC16871EE699C500614253 = {
						CreatedOnToolsVersion = 8.2.1;
						ProvisioningStyle = Automatic;
						TestTargetID = 7AEC16681EE699C500614253;
					};
				};
			};
			buildConfigurationList = 7AEC16641EE699C500614253 /* Build configuration list for PBXProject "Customized Cloud Storage" */;
			compatibilityVersion = "Xcode 3.2";
			developmentRegion = English;
			hasScannedForEncodings = 0;
			knownRegions = (
				en,
				Base,
			);
			mainGroup = 7AEC16601EE699C500614253;
			productRefGroup = 7AEC166A1EE699C500614253 /* Products */;
			projectDirPath = "";
			projectRoot = "";
			targets = (
				7AEC16681EE699C500614253 /* Customized Cloud Storage */,
				7AEC167C1EE699C500614253 /* Customized Cloud StorageTests */,
				7AEC16871EE699C500614253 /* Customized Cloud StorageUITests */,
			);
		};
/* End PBXProject section */

/* Begin PBXResourcesBuildPhase section */
		7AEC16671EE699C500614253 /* Resources */ = {
			isa = PBXResourcesBuildPhase;
			buildActionMask = 2147483647;
			files = (
				7A3DB8741EE87FB700763AF9 /* Main.storyboard in Resources */,
				7A9354EF1EEDC21E00452632 /* Icons in Resources */,
				7AEC16771EE699C500614253 /* LaunchScreen.storyboard in Resources */,
				7A132C281EEDCA6E00D9DAFB /* Logo in Resources */,
				7AEC16741EE699C500614253 /* Assets.xcassets in Resources */,
			);
			runOnlyForDeploymentPostprocessing = 0;
		};
		7AEC167B1EE699C500614253 /* Resources */ = {
			isa = PBXResourcesBuildPhase;
			buildActionMask = 2147483647;
			files = (
			);
			runOnlyForDeploymentPostprocessing = 0;
		};
		7AEC16861EE699C500614253 /* Resources */ = {
			isa = PBXResourcesBuildPhase;
			buildActionMask = 2147483647;
			files = (
				7A175EC81EEC599D00F4D8F3 /* Main.storyboard in Resources */,
			);
			runOnlyForDeploymentPostprocessing = 0;
		};
/* End PBXResourcesBuildPhase section */

/* Begin PBXShellScriptBuildPhase section */
		0C3328D991CCBA12772EB8E7 /* [CP] Copy Pods Resources */ = {
			isa = PBXShellScriptBuildPhase;
			buildActionMask = 2147483647;
			files = (
			);
			inputPaths = (
			);
			name = "[CP] Copy Pods Resources";
			outputPaths = (
			);
			runOnlyForDeploymentPostprocessing = 0;
			shellPath = /bin/sh;
			shellScript = "\"${SRCROOT}/Pods/Target Support Files/Pods-Customized Cloud StorageTests/Pods-Customized Cloud StorageTests-resources.sh\"\n";
			showEnvVarsInLog = 0;
		};
		12501BC98C00462A23344FDC /* [CP] Check Pods Manifest.lock */ = {
			isa = PBXShellScriptBuildPhase;
			buildActionMask = 2147483647;
			files = (
			);
			inputPaths = (
			);
			name = "[CP] Check Pods Manifest.lock";
			outputPaths = (
			);
			runOnlyForDeploymentPostprocessing = 0;
			shellPath = /bin/sh;
			shellScript = "diff \"${PODS_PODFILE_DIR_PATH}/Podfile.lock\" \"${PODS_ROOT}/Manifest.lock\" > /dev/null\nif [ $? != 0 ] ; then\n    # print error to STDERR\n    echo \"error: The sandbox is not in sync with the Podfile.lock. Run 'pod install' or update your CocoaPods installation.\" >&2\n    exit 1\nfi\n";
			showEnvVarsInLog = 0;
		};
		1318EF60AA3BE28B1F210371 /* [CP] Embed Pods Frameworks */ = {
			isa = PBXShellScriptBuildPhase;
			buildActionMask = 2147483647;
			files = (
			);
			inputPaths = (
			);
			name = "[CP] Embed Pods Frameworks";
			outputPaths = (
			);
			runOnlyForDeploymentPostprocessing = 0;
			shellPath = /bin/sh;
			shellScript = "\"${SRCROOT}/Pods/Target Support Files/Pods-Customized Cloud StorageUITests/Pods-Customized Cloud StorageUITests-frameworks.sh\"\n";
			showEnvVarsInLog = 0;
		};
		3E154BBBA2C7F8A58B062C71 /* [CP] Check Pods Manifest.lock */ = {
			isa = PBXShellScriptBuildPhase;
			buildActionMask = 2147483647;
			files = (
			);
			inputPaths = (
			);
			name = "[CP] Check Pods Manifest.lock";
			outputPaths = (
			);
			runOnlyForDeploymentPostprocessing = 0;
			shellPath = /bin/sh;
			shellScript = "diff \"${PODS_PODFILE_DIR_PATH}/Podfile.lock\" \"${PODS_ROOT}/Manifest.lock\" > /dev/null\nif [ $? != 0 ] ; then\n    # print error to STDERR\n    echo \"error: The sandbox is not in sync with the Podfile.lock. Run 'pod install' or update your CocoaPods installation.\" >&2\n    exit 1\nfi\n";
			showEnvVarsInLog = 0;
		};
		3FA06B39D3A70653A4B96FCE /* [CP] Embed Pods Frameworks */ = {
			isa = PBXShellScriptBuildPhase;
			buildActionMask = 2147483647;
			files = (
			);
			inputPaths = (
			);
			name = "[CP] Embed Pods Frameworks";
			outputPaths = (
			);
			runOnlyForDeploymentPostprocessing = 0;
			shellPath = /bin/sh;
			shellScript = "\"${SRCROOT}/Pods/Target Support Files/Pods-Customized Cloud StorageTests/Pods-Customized Cloud StorageTests-frameworks.sh\"\n";
			showEnvVarsInLog = 0;
		};
		95552FB338E860621E42E727 /* [CP] Copy Pods Resources */ = {
			isa = PBXShellScriptBuildPhase;
			buildActionMask = 2147483647;
			files = (
			);
			inputPaths = (
			);
			name = "[CP] Copy Pods Resources";
			outputPaths = (
			);
			runOnlyForDeploymentPostprocessing = 0;
			shellPath = /bin/sh;
			shellScript = "\"${SRCROOT}/Pods/Target Support Files/Pods-Customized Cloud Storage/Pods-Customized Cloud Storage-resources.sh\"\n";
			showEnvVarsInLog = 0;
		};
		B5E3C9DACD944EEB73D50332 /* [CP] Embed Pods Frameworks */ = {
			isa = PBXShellScriptBuildPhase;
			buildActionMask = 2147483647;
			files = (
			);
			inputPaths = (
			);
			name = "[CP] Embed Pods Frameworks";
			outputPaths = (
			);
			runOnlyForDeploymentPostprocessing = 0;
			shellPath = /bin/sh;
			shellScript = "\"${SRCROOT}/Pods/Target Support Files/Pods-Customized Cloud Storage/Pods-Customized Cloud Storage-frameworks.sh\"\n";
			showEnvVarsInLog = 0;
		};
		E06D7FF523FF2E37ABFE6A1F /* [CP] Check Pods Manifest.lock */ = {
			isa = PBXShellScriptBuildPhase;
			buildActionMask = 2147483647;
			files = (
			);
			inputPaths = (
			);
			name = "[CP] Check Pods Manifest.lock";
			outputPaths = (
			);
			runOnlyForDeploymentPostprocessing = 0;
			shellPath = /bin/sh;
			shellScript = "diff \"${PODS_PODFILE_DIR_PATH}/Podfile.lock\" \"${PODS_ROOT}/Manifest.lock\" > /dev/null\nif [ $? != 0 ] ; then\n    # print error to STDERR\n    echo \"error: The sandbox is not in sync with the Podfile.lock. Run 'pod install' or update your CocoaPods installation.\" >&2\n    exit 1\nfi\n";
			showEnvVarsInLog = 0;
		};
		F1FAEC1FAFB62AE447596971 /* [CP] Copy Pods Resources */ = {
			isa = PBXShellScriptBuildPhase;
			buildActionMask = 2147483647;
			files = (
			);
			inputPaths = (
			);
			name = "[CP] Copy Pods Resources";
			outputPaths = (
			);
			runOnlyForDeploymentPostprocessing = 0;
			shellPath = /bin/sh;
			shellScript = "\"${SRCROOT}/Pods/Target Support Files/Pods-Customized Cloud StorageUITests/Pods-Customized Cloud StorageUITests-resources.sh\"\n";
			showEnvVarsInLog = 0;
		};
/* End PBXShellScriptBuildPhase section */

/* Begin PBXSourcesBuildPhase section */
		7AEC16651EE699C500614253 /* Sources */ = {
			isa = PBXSourcesBuildPhase;
			buildActionMask = 2147483647;
			files = (
				7A3DB8761EE87FEE00763AF9 /* LoginViewController.swift in Sources */,
				7A175EC61EEC35EA00F4D8F3 /* RegisterViewController.swift in Sources */,
				7A175EC41EEC29E100F4D8F3 /* ExtensionTextField.swift in Sources */,
				7A3DB86F1EE8485400763AF9 /* User.swift in Sources */,
				7AC13D561EEEF77300FE4B6A /* DashBoardTableViewController.swift in Sources */,
				7AEC166D1EE699C500614253 /* AppDelegate.swift in Sources */,
			);
			runOnlyForDeploymentPostprocessing = 0;
		};
		7AEC16791EE699C500614253 /* Sources */ = {
			isa = PBXSourcesBuildPhase;
			buildActionMask = 2147483647;
			files = (
				7A175EC11EEC16AC00F4D8F3 /* User.swift in Sources */,
				7AEC16821EE699C500614253 /* Customized_Cloud_StorageTests.swift in Sources */,
			);
			runOnlyForDeploymentPostprocessing = 0;
		};
		7AEC16841EE699C500614253 /* Sources */ = {
			isa = PBXSourcesBuildPhase;
			buildActionMask = 2147483647;
			files = (
				7A175EC71EEC35EA00F4D8F3 /* RegisterViewController.swift in Sources */,
				7A175EC91EEC59B500F4D8F3 /* ExtensionTextField.swift in Sources */,
				7A175EC21EEC16AD00F4D8F3 /* User.swift in Sources */,
				7A175ECA1EEC59BA00F4D8F3 /* LoginViewController.swift in Sources */,
				7AC13D571EEEF77300FE4B6A /* DashBoardTableViewController.swift in Sources */,
				7AEC168D1EE699C500614253 /* Customized_Cloud_StorageUITests.swift in Sources */,
			);
			runOnlyForDeploymentPostprocessing = 0;
		};
/* End PBXSourcesBuildPhase section */

/* Begin PBXTargetDependency section */
		7AEC167F1EE699C500614253 /* PBXTargetDependency */ = {
			isa = PBXTargetDependency;
			target = 7AEC16681EE699C500614253 /* Customized Cloud Storage */;
			targetProxy = 7AEC167E1EE699C500614253 /* PBXContainerItemProxy */;
		};
		7AEC168A1EE699C500614253 /* PBXTargetDependency */ = {
			isa = PBXTargetDependency;
			target = 7AEC16681EE699C500614253 /* Customized Cloud Storage */;
			targetProxy = 7AEC16891EE699C500614253 /* PBXContainerItemProxy */;
		};
/* End PBXTargetDependency section */

/* Begin PBXVariantGroup section */
		7AEC16701EE699C500614253 /* Main.storyboard */ = {
			isa = PBXVariantGroup;
			children = (
				7AEC16711EE699C500614253 /* Base */,
			);
			name = Main.storyboard;
			sourceTree = "<group>";
		};
		7AEC16751EE699C500614253 /* LaunchScreen.storyboard */ = {
			isa = PBXVariantGroup;
			children = (
				7AEC16761EE699C500614253 /* Base */,
			);
			name = LaunchScreen.storyboard;
			sourceTree = "<group>";
		};
/* End PBXVariantGroup section */

/* Begin XCBuildConfiguration section */
		7AEC168F1EE699C500614253 /* Debug */ = {
			isa = XCBuildConfiguration;
			buildSettings = {
				ALWAYS_SEARCH_USER_PATHS = NO;
				CLANG_ANALYZER_NONNULL = YES;
				CLANG_CXX_LANGUAGE_STANDARD = "gnu++0x";
				CLANG_CXX_LIBRARY = "libc++";
				CLANG_ENABLE_MODULES = YES;
				CLANG_ENABLE_OBJC_ARC = YES;
				CLANG_WARN_BOOL_CONVERSION = YES;
				CLANG_WARN_CONSTANT_CONVERSION = YES;
				CLANG_WARN_DIRECT_OBJC_ISA_USAGE = YES_ERROR;
				CLANG_WARN_DOCUMENTATION_COMMENTS = YES;
				CLANG_WARN_EMPTY_BODY = YES;
				CLANG_WARN_ENUM_CONVERSION = YES;
				CLANG_WARN_INFINITE_RECURSION = YES;
				CLANG_WARN_INT_CONVERSION = YES;
				CLANG_WARN_OBJC_ROOT_CLASS = YES_ERROR;
				CLANG_WARN_SUSPICIOUS_MOVE = YES;
				CLANG_WARN_UNREACHABLE_CODE = YES;
				CLANG_WARN__DUPLICATE_METHOD_MATCH = YES;
				"CODE_SIGN_IDENTITY[sdk=iphoneos*]" = "iPhone Developer";
				COPY_PHASE_STRIP = NO;
				DEBUG_INFORMATION_FORMAT = dwarf;
				ENABLE_STRICT_OBJC_MSGSEND = YES;
				ENABLE_TESTABILITY = YES;
				GCC_C_LANGUAGE_STANDARD = gnu99;
				GCC_DYNAMIC_NO_PIC = NO;
				GCC_NO_COMMON_BLOCKS = YES;
				GCC_OPTIMIZATION_LEVEL = 0;
				GCC_PREPROCESSOR_DEFINITIONS = (
					"DEBUG=1",
					"$(inherited)",
				);
				GCC_WARN_64_TO_32_BIT_CONVERSION = YES;
				GCC_WARN_ABOUT_RETURN_TYPE = YES_ERROR;
				GCC_WARN_UNDECLARED_SELECTOR = YES;
				GCC_WARN_UNINITIALIZED_AUTOS = YES_AGGRESSIVE;
				GCC_WARN_UNUSED_FUNCTION = YES;
				GCC_WARN_UNUSED_VARIABLE = YES;
				IPHONEOS_DEPLOYMENT_TARGET = 9.0;
				MTL_ENABLE_DEBUG_INFO = YES;
				ONLY_ACTIVE_ARCH = YES;
				SDKROOT = iphoneos;
				SWIFT_ACTIVE_COMPILATION_CONDITIONS = DEBUG;
				SWIFT_OPTIMIZATION_LEVEL = "-Onone";
				TARGETED_DEVICE_FAMILY = "1,2";
			};
			name = Debug;
		};
		7AEC16901EE699C500614253 /* Release */ = {
			isa = XCBuildConfiguration;
			buildSettings = {
				ALWAYS_SEARCH_USER_PATHS = NO;
				CLANG_ANALYZER_NONNULL = YES;
				CLANG_CXX_LANGUAGE_STANDARD = "gnu++0x";
				CLANG_CXX_LIBRARY = "libc++";
				CLANG_ENABLE_MODULES = YES;
				CLANG_ENABLE_OBJC_ARC = YES;
				CLANG_WARN_BOOL_CONVERSION = YES;
				CLANG_WARN_CONSTANT_CONVERSION = YES;
				CLANG_WARN_DIRECT_OBJC_ISA_USAGE = YES_ERROR;
				CLANG_WARN_DOCUMENTATION_COMMENTS = YES;
				CLANG_WARN_EMPTY_BODY = YES;
				CLANG_WARN_ENUM_CONVERSION = YES;
				CLANG_WARN_INFINITE_RECURSION = YES;
				CLANG_WARN_INT_CONVERSION = YES;
				CLANG_WARN_OBJC_ROOT_CLASS = YES_ERROR;
				CLANG_WARN_SUSPICIOUS_MOVE = YES;
				CLANG_WARN_UNREACHABLE_CODE = YES;
				CLANG_WARN__DUPLICATE_METHOD_MATCH = YES;
				"CODE_SIGN_IDENTITY[sdk=iphoneos*]" = "iPhone Developer";
				COPY_PHASE_STRIP = NO;
				DEBUG_INFORMATION_FORMAT = "dwarf-with-dsym";
				ENABLE_NS_ASSERTIONS = NO;
				ENABLE_STRICT_OBJC_MSGSEND = YES;
				GCC_C_LANGUAGE_STANDARD = gnu99;
				GCC_NO_COMMON_BLOCKS = YES;
				GCC_WARN_64_TO_32_BIT_CONVERSION = YES;
				GCC_WARN_ABOUT_RETURN_TYPE = YES_ERROR;
				GCC_WARN_UNDECLARED_SELECTOR = YES;
				GCC_WARN_UNINITIALIZED_AUTOS = YES_AGGRESSIVE;
				GCC_WARN_UNUSED_FUNCTION = YES;
				GCC_WARN_UNUSED_VARIABLE = YES;
				IPHONEOS_DEPLOYMENT_TARGET = 9.0;
				MTL_ENABLE_DEBUG_INFO = NO;
				SDKROOT = iphoneos;
				SWIFT_OPTIMIZATION_LEVEL = "-Owholemodule";
				TARGETED_DEVICE_FAMILY = "1,2";
				VALIDATE_PRODUCT = YES;
			};
			name = Release;
		};
		7AEC16921EE699C500614253 /* Debug */ = {
			isa = XCBuildConfiguration;
			baseConfigurationReference = 6825CC926349AF8AB5FFFBA5 /* Pods-Customized Cloud Storage.debug.xcconfig */;
			buildSettings = {
				ASSETCATALOG_COMPILER_APPICON_NAME = AppIcon;
				DEVELOPMENT_TEAM = 35ULF4CXKF;
				INFOPLIST_FILE = "Customized Cloud Storage/Info.plist";
				LD_RUNPATH_SEARCH_PATHS = "$(inherited) @executable_path/Frameworks";
				PRODUCT_BUNDLE_IDENTIFIER = "MingE.Customized-Cloud-Storage";
				PRODUCT_NAME = "$(TARGET_NAME)";
				SWIFT_VERSION = 3.0;
			};
			name = Debug;
		};
		7AEC16931EE699C500614253 /* Release */ = {
			isa = XCBuildConfiguration;
			baseConfigurationReference = E5E43F9D21E062A081D257B6 /* Pods-Customized Cloud Storage.release.xcconfig */;
			buildSettings = {
				ASSETCATALOG_COMPILER_APPICON_NAME = AppIcon;
				DEVELOPMENT_TEAM = 35ULF4CXKF;
				INFOPLIST_FILE = "Customized Cloud Storage/Info.plist";
				LD_RUNPATH_SEARCH_PATHS = "$(inherited) @executable_path/Frameworks";
				PRODUCT_BUNDLE_IDENTIFIER = "MingE.Customized-Cloud-Storage";
				PRODUCT_NAME = "$(TARGET_NAME)";
				SWIFT_VERSION = 3.0;
			};
			name = Release;
		};
		7AEC16951EE699C500614253 /* Debug */ = {
			isa = XCBuildConfiguration;
			baseConfigurationReference = BBF65AEA44CD1E37A2E97FC9 /* Pods-Customized Cloud StorageTests.debug.xcconfig */;
			buildSettings = {
				ALWAYS_EMBED_SWIFT_STANDARD_LIBRARIES = YES;
				BUNDLE_LOADER = "$(TEST_HOST)";
				INFOPLIST_FILE = "Customized Cloud StorageTests/Info.plist";
				LD_RUNPATH_SEARCH_PATHS = "$(inherited) @executable_path/Frameworks @loader_path/Frameworks";
				PRODUCT_BUNDLE_IDENTIFIER = "MingE.Customized-Cloud-StorageTests";
				PRODUCT_NAME = "$(TARGET_NAME)";
				SWIFT_VERSION = 3.0;
				TEST_HOST = "$(BUILT_PRODUCTS_DIR)/Customized Cloud Storage.app/Customized Cloud Storage";
			};
			name = Debug;
		};
		7AEC16961EE699C500614253 /* Release */ = {
			isa = XCBuildConfiguration;
			baseConfigurationReference = CB1FB38F7FD9151F0DF0A89A /* Pods-Customized Cloud StorageTests.release.xcconfig */;
			buildSettings = {
				ALWAYS_EMBED_SWIFT_STANDARD_LIBRARIES = YES;
				BUNDLE_LOADER = "$(TEST_HOST)";
				INFOPLIST_FILE = "Customized Cloud StorageTests/Info.plist";
				LD_RUNPATH_SEARCH_PATHS = "$(inherited) @executable_path/Frameworks @loader_path/Frameworks";
				PRODUCT_BUNDLE_IDENTIFIER = "MingE.Customized-Cloud-StorageTests";
				PRODUCT_NAME = "$(TARGET_NAME)";
				SWIFT_VERSION = 3.0;
				TEST_HOST = "$(BUILT_PRODUCTS_DIR)/Customized Cloud Storage.app/Customized Cloud Storage";
			};
			name = Release;
		};
		7AEC16981EE699C500614253 /* Debug */ = {
			isa = XCBuildConfiguration;
			baseConfigurationReference = C63A07F841A234DFDE57EC3B /* Pods-Customized Cloud StorageUITests.debug.xcconfig */;
			buildSettings = {
				ALWAYS_EMBED_SWIFT_STANDARD_LIBRARIES = YES;
				INFOPLIST_FILE = "Customized Cloud StorageUITests/Info.plist";
				LD_RUNPATH_SEARCH_PATHS = "$(inherited) @executable_path/Frameworks @loader_path/Frameworks";
				PRODUCT_BUNDLE_IDENTIFIER = "MingE.Customized-Cloud-StorageUITests";
				PRODUCT_NAME = "$(TARGET_NAME)";
				SWIFT_VERSION = 3.0;
				TEST_TARGET_NAME = "Customized Cloud Storage";
			};
			name = Debug;
		};
		7AEC16991EE699C500614253 /* Release */ = {
			isa = XCBuildConfiguration;
			baseConfigurationReference = 90204FE77D3ED9B8E43D7860 /* Pods-Customized Cloud StorageUITests.release.xcconfig */;
			buildSettings = {
				ALWAYS_EMBED_SWIFT_STANDARD_LIBRARIES = YES;
				INFOPLIST_FILE = "Customized Cloud StorageUITests/Info.plist";
				LD_RUNPATH_SEARCH_PATHS = "$(inherited) @executable_path/Frameworks @loader_path/Frameworks";
				PRODUCT_BUNDLE_IDENTIFIER = "MingE.Customized-Cloud-StorageUITests";
				PRODUCT_NAME = "$(TARGET_NAME)";
				SWIFT_VERSION = 3.0;
				TEST_TARGET_NAME = "Customized Cloud Storage";
			};
			name = Release;
		};
/* End XCBuildConfiguration section */

/* Begin XCConfigurationList section */
		7AEC16641EE699C500614253 /* Build configuration list for PBXProject "Customized Cloud Storage" */ = {
			isa = XCConfigurationList;
			buildConfigurations = (
				7AEC168F1EE699C500614253 /* Debug */,
				7AEC16901EE699C500614253 /* Release */,
			);
			defaultConfigurationIsVisible = 0;
			defaultConfigurationName = Release;
		};
		7AEC16911EE699C500614253 /* Build configuration list for PBXNativeTarget "Customized Cloud Storage" */ = {
			isa = XCConfigurationList;
			buildConfigurations = (
				7AEC16921EE699C500614253 /* Debug */,
				7AEC16931EE699C500614253 /* Release */,
			);
			defaultConfigurationIsVisible = 0;
			defaultConfigurationName = Release;
		};
		7AEC16941EE699C500614253 /* Build configuration list for PBXNativeTarget "Customized Cloud StorageTests" */ = {
			isa = XCConfigurationList;
			buildConfigurations = (
				7AEC16951EE699C500614253 /* Debug */,
				7AEC16961EE699C500614253 /* Release */,
			);
			defaultConfigurationIsVisible = 0;
			defaultConfigurationName = Release;
		};
		7AEC16971EE699C500614253 /* Build configuration list for PBXNativeTarget "Customized Cloud StorageUITests" */ = {
			isa = XCConfigurationList;
			buildConfigurations = (
				7AEC16981EE699C500614253 /* Debug */,
				7AEC16991EE699C500614253 /* Release */,
			);
			defaultConfigurationIsVisible = 0;
			defaultConfigurationName = Release;
		};
/* End XCConfigurationList section */
	};
	rootObject = 7AEC16611EE699C500614253 /* Project object */;
}
